<?xml version="1.0" encoding="utf-8"?>
<Project ToolsVersion="4.0" xmlns="http://schemas.microsoft.com/developer/msbuild/2003">
  <ItemGroup>
    <Filter Include="Source Files">
      <UniqueIdentifier>{4FC737F1-C7A5-4376-A066-2A32D752A2FF}</UniqueIdentifier>
      <Extensions>cpp;c;cc;cxx;def;odl;idl;hpj;bat;asm;asmx</Extensions>
    </Filter>
    <Filter Include="Header Files">
      <UniqueIdentifier>{93995380-89BD-4b04-88EB-625FBE52EBFB}</UniqueIdentifier>
      <Extensions>h;hh;hpp;hxx;hm;inl;inc;xsd</Extensions>
    </Filter>
    <Filter Include="Resource Files">
      <UniqueIdentifier>{67DA6AB6-F800-4c08-8B7A-83BB121AAD01}</UniqueIdentifier>
      <Extensions>rc;ico;cur;bmp;dlg;rc2;rct;bin;rgs;gif;jpg;jpeg;jpe;resx;tiff;tif;png;wav;mfcribbon-ms</Extensions>
    </Filter>
    <Filter Include="Header Files\OpenGL">
      <UniqueIdentifier>{853a6d3b-e5ad-478c-b4b1-947af7506795}</UniqueIdentifier>
      <Extensions>*OGL*</Extensions>
    </Filter>
    <Filter Include="Source Files\OpenGL">
      <UniqueIdentifier>{73bc5da8-15ce-4507-8639-14771fcdf5db}</UniqueIdentifier>
      <Extensions>OGL</Extensions>
    </Filter>
    <Filter Include="Asset">
      <UniqueIdentifier>{9af8f6ae-5759-4bdf-a1bd-54d7a4df9b1c}</UniqueIdentifier>
    </Filter>
    <Filter Include="Asset\Shaders">
      <UniqueIdentifier>{39bb3aee-6965-4b83-bf68-92592c8de646}</UniqueIdentifier>
    </Filter>
    <Filter Include="Asset\Shaders\GLSL">
      <UniqueIdentifier>{93050cfa-8438-454d-9fb3-8caf6546a87c}</UniqueIdentifier>
    </Filter>
    <Filter Include="GLEW">
      <UniqueIdentifier>{5f363ded-54ad-4a95-b466-a289b2288a34}</UniqueIdentifier>
    </Filter>
    <Filter Include="GLM">
      <UniqueIdentifier>{41e1b118-c673-420a-bd6a-9943cf33f0b0}</UniqueIdentifier>
    </Filter>
    <Filter Include="GLM\GTC">
      <UniqueIdentifier>{7e586d30-2093-4c73-a5bc-3383264f89d6}</UniqueIdentifier>
    </Filter>
    <Filter Include="GLM\GTX">
      <UniqueIdentifier>{9b5e8f1a-665f-4d65-8d90-f8a2303998d1}</UniqueIdentifier>
    </Filter>
    <Filter Include="GLM\DETAIL">
      <UniqueIdentifier>{0ec877c1-b4d2-441d-b74d-b7a5b4250bff}</UniqueIdentifier>
    </Filter>
  </ItemGroup>
  <ItemGroup>
    <ClInclude Include="OpenGL\OGLWindow.h">
      <Filter>Header Files\OpenGL</Filter>
    </ClInclude>
    <ClInclude Include="OpenGL\OGLCube.h">
      <Filter>Header Files\OpenGL</Filter>
    </ClInclude>
    <ClInclude Include="OpenGL\OGLShader.h">
      <Filter>Header Files\OpenGL</Filter>
    </ClInclude>
    <ClInclude Include="OpenGL\OGLTexture.h">
      <Filter>Header Files\OpenGL</Filter>
    </ClInclude>
    <ClInclude Include="BaseApplication.h">
      <Filter>Header Files</Filter>
    </ClInclude>
    <ClInclude Include="BaseTexture.h">
      <Filter>Header Files</Filter>
    </ClInclude>
    <ClInclude Include="GFXiiFramework.h">
      <Filter>Header Files</Filter>
    </ClInclude>
    <ClInclude Include="ImageIO.h">
      <Filter>Header Files</Filter>
    </ClInclude>
    <ClInclude Include="Listener.h">
      <Filter>Header Files</Filter>
    </ClInclude>
    <ClInclude Include="Renderable.h">
      <Filter>Header Files</Filter>
    </ClInclude>
    <ClInclude Include="RenderWindow.h">
      <Filter>Header Files</Filter>
    </ClInclude>
    <ClInclude Include="Resource.h">
      <Filter>Header Files</Filter>
    </ClInclude>
    <ClInclude Include="ShaderBase.h">
      <Filter>Header Files</Filter>
    </ClInclude>
    <ClInclude Include="targetver.h">
      <Filter>Header Files</Filter>
    </ClInclude>
    <ClInclude Include="GLEW\include\glew.h">
      <Filter>GLEW</Filter>
    </ClInclude>
    <ClInclude Include="GLEW\include\glxew.h">
      <Filter>GLEW</Filter>
    </ClInclude>
    <ClInclude Include="GLEW\include\wglew.h">
      <Filter>GLEW</Filter>
    </ClInclude>
    <ClInclude Include="Triangle.h">
      <Filter>Header Files</Filter>
    </ClInclude>
    <ClInclude Include="Vector3.h">
      <Filter>Header Files</Filter>
    </ClInclude>
    <ClInclude Include="OBJFileReader.h">
      <Filter>Header Files</Filter>
    </ClInclude>
    <ClInclude Include="OpenGL\OGLMesh.h">
      <Filter>Header Files\OpenGL</Filter>
    </ClInclude>
    <ClInclude Include="glm\common.hpp">
      <Filter>GLM</Filter>
    </ClInclude>
    <ClInclude Include="glm\exponential.hpp">
      <Filter>GLM</Filter>
    </ClInclude>
    <ClInclude Include="glm\ext.hpp">
      <Filter>GLM</Filter>
    </ClInclude>
    <ClInclude Include="glm\fwd.hpp">
      <Filter>GLM</Filter>
    </ClInclude>
    <ClInclude Include="glm\geometric.hpp">
      <Filter>GLM</Filter>
    </ClInclude>
    <ClInclude Include="glm\glm.hpp">
      <Filter>GLM</Filter>
    </ClInclude>
    <ClInclude Include="glm\integer.hpp">
      <Filter>GLM</Filter>
    </ClInclude>
    <ClInclude Include="glm\mat2x2.hpp">
      <Filter>GLM</Filter>
    </ClInclude>
    <ClInclude Include="glm\mat2x3.hpp">
      <Filter>GLM</Filter>
    </ClInclude>
    <ClInclude Include="glm\mat2x4.hpp">
      <Filter>GLM</Filter>
    </ClInclude>
    <ClInclude Include="glm\mat3x2.hpp">
      <Filter>GLM</Filter>
    </ClInclude>
    <ClInclude Include="glm\mat3x3.hpp">
      <Filter>GLM</Filter>
    </ClInclude>
    <ClInclude Include="glm\mat3x4.hpp">
      <Filter>GLM</Filter>
    </ClInclude>
    <ClInclude Include="glm\mat4x2.hpp">
      <Filter>GLM</Filter>
    </ClInclude>
    <ClInclude Include="glm\mat4x3.hpp">
      <Filter>GLM</Filter>
    </ClInclude>
    <ClInclude Include="glm\mat4x4.hpp">
      <Filter>GLM</Filter>
    </ClInclude>
    <ClInclude Include="glm\matrix.hpp">
      <Filter>GLM</Filter>
    </ClInclude>
    <ClInclude Include="glm\packing.hpp">
      <Filter>GLM</Filter>
    </ClInclude>
    <ClInclude Include="glm\trigonometric.hpp">
      <Filter>GLM</Filter>
    </ClInclude>
    <ClInclude Include="glm\vec2.hpp">
      <Filter>GLM</Filter>
    </ClInclude>
    <ClInclude Include="glm\vec3.hpp">
      <Filter>GLM</Filter>
    </ClInclude>
    <ClInclude Include="glm\vec4.hpp">
      <Filter>GLM</Filter>
    </ClInclude>
    <ClInclude Include="glm\vector_relational.hpp">
      <Filter>GLM</Filter>
    </ClInclude>
    <ClInclude Include="glm\gtx\associated_min_max.hpp">
      <Filter>GLM\GTX</Filter>
    </ClInclude>
    <ClInclude Include="glm\gtx\bit.hpp">
      <Filter>GLM\GTX</Filter>
    </ClInclude>
    <ClInclude Include="glm\gtx\closest_point.hpp">
      <Filter>GLM\GTX</Filter>
    </ClInclude>
    <ClInclude Include="glm\gtx\color_space.hpp">
      <Filter>GLM\GTX</Filter>
    </ClInclude>
    <ClInclude Include="glm\gtx\color_space_YCoCg.hpp">
      <Filter>GLM\GTX</Filter>
    </ClInclude>
    <ClInclude Include="glm\gtx\common.hpp">
      <Filter>GLM\GTX</Filter>
    </ClInclude>
    <ClInclude Include="glm\gtx\compatibility.hpp">
      <Filter>GLM\GTX</Filter>
    </ClInclude>
    <ClInclude Include="glm\gtx\component_wise.hpp">
      <Filter>GLM\GTX</Filter>
    </ClInclude>
    <ClInclude Include="glm\gtx\dual_quaternion.hpp">
      <Filter>GLM\GTX</Filter>
    </ClInclude>
    <ClInclude Include="glm\gtx\euler_angles.hpp">
      <Filter>GLM\GTX</Filter>
    </ClInclude>
    <ClInclude Include="glm\gtx\extend.hpp">
      <Filter>GLM\GTX</Filter>
    </ClInclude>
    <ClInclude Include="glm\gtx\extented_min_max.hpp">
      <Filter>GLM\GTX</Filter>
    </ClInclude>
    <ClInclude Include="glm\gtx\fast_exponential.hpp">
      <Filter>GLM\GTX</Filter>
    </ClInclude>
    <ClInclude Include="glm\gtx\fast_square_root.hpp">
      <Filter>GLM\GTX</Filter>
    </ClInclude>
    <ClInclude Include="glm\gtx\fast_trigonometry.hpp">
      <Filter>GLM\GTX</Filter>
    </ClInclude>
    <ClInclude Include="glm\gtx\gradient_paint.hpp">
      <Filter>GLM\GTX</Filter>
    </ClInclude>
    <ClInclude Include="glm\gtx\handed_coordinate_space.hpp">
      <Filter>GLM\GTX</Filter>
    </ClInclude>
    <ClInclude Include="glm\gtx\integer.hpp">
      <Filter>GLM\GTX</Filter>
    </ClInclude>
    <ClInclude Include="glm\gtx\intersect.hpp">
      <Filter>GLM\GTX</Filter>
    </ClInclude>
    <ClInclude Include="glm\gtx\io.hpp">
      <Filter>GLM\GTX</Filter>
    </ClInclude>
    <ClInclude Include="glm\gtx\log_base.hpp">
      <Filter>GLM\GTX</Filter>
    </ClInclude>
    <ClInclude Include="glm\gtx\matrix_cross_product.hpp">
      <Filter>GLM\GTX</Filter>
    </ClInclude>
    <ClInclude Include="glm\gtx\matrix_decompose.hpp">
      <Filter>GLM\GTX</Filter>
    </ClInclude>
    <ClInclude Include="glm\gtx\matrix_interpolation.hpp">
      <Filter>GLM\GTX</Filter>
    </ClInclude>
    <ClInclude Include="glm\gtx\matrix_major_storage.hpp">
      <Filter>GLM\GTX</Filter>
    </ClInclude>
    <ClInclude Include="glm\gtx\matrix_operation.hpp">
      <Filter>GLM\GTX</Filter>
    </ClInclude>
    <ClInclude Include="glm\gtx\matrix_query.hpp">
      <Filter>GLM\GTX</Filter>
    </ClInclude>
    <ClInclude Include="glm\gtx\matrix_transform_2d.hpp">
      <Filter>GLM\GTX</Filter>
    </ClInclude>
    <ClInclude Include="glm\gtx\mixed_product.hpp">
      <Filter>GLM\GTX</Filter>
    </ClInclude>
    <ClInclude Include="glm\gtx\multiple.hpp">
      <Filter>GLM\GTX</Filter>
    </ClInclude>
    <ClInclude Include="glm\gtx\norm.hpp">
      <Filter>GLM\GTX</Filter>
    </ClInclude>
    <ClInclude Include="glm\gtx\normal.hpp">
      <Filter>GLM\GTX</Filter>
    </ClInclude>
    <ClInclude Include="glm\gtx\normalize_dot.hpp">
      <Filter>GLM\GTX</Filter>
    </ClInclude>
    <ClInclude Include="glm\gtx\number_precision.hpp">
      <Filter>GLM\GTX</Filter>
    </ClInclude>
    <ClInclude Include="glm\gtx\optimum_pow.hpp">
      <Filter>GLM\GTX</Filter>
    </ClInclude>
    <ClInclude Include="glm\gtx\orthonormalize.hpp">
      <Filter>GLM\GTX</Filter>
    </ClInclude>
    <ClInclude Include="glm\gtx\perpendicular.hpp">
      <Filter>GLM\GTX</Filter>
    </ClInclude>
    <ClInclude Include="glm\gtx\polar_coordinates.hpp">
      <Filter>GLM\GTX</Filter>
    </ClInclude>
    <ClInclude Include="glm\gtx\projection.hpp">
      <Filter>GLM\GTX</Filter>
    </ClInclude>
    <ClInclude Include="glm\gtx\quaternion.hpp">
      <Filter>GLM\GTX</Filter>
    </ClInclude>
    <ClInclude Include="glm\gtx\range.hpp">
      <Filter>GLM\GTX</Filter>
    </ClInclude>
    <ClInclude Include="glm\gtx\raw_data.hpp">
      <Filter>GLM\GTX</Filter>
    </ClInclude>
    <ClInclude Include="glm\gtx\rotate_normalized_axis.hpp">
      <Filter>GLM\GTX</Filter>
    </ClInclude>
    <ClInclude Include="glm\gtx\rotate_vector.hpp">
      <Filter>GLM\GTX</Filter>
    </ClInclude>
    <ClInclude Include="glm\gtx\scalar_multiplication.hpp">
      <Filter>GLM\GTX</Filter>
    </ClInclude>
    <ClInclude Include="glm\gtx\scalar_relational.hpp">
      <Filter>GLM\GTX</Filter>
    </ClInclude>
    <ClInclude Include="glm\gtx\simd_mat4.hpp">
      <Filter>GLM\GTX</Filter>
    </ClInclude>
    <ClInclude Include="glm\gtx\simd_quat.hpp">
      <Filter>GLM\GTX</Filter>
    </ClInclude>
    <ClInclude Include="glm\gtx\simd_vec4.hpp">
      <Filter>GLM\GTX</Filter>
    </ClInclude>
    <ClInclude Include="glm\gtx\spline.hpp">
      <Filter>GLM\GTX</Filter>
    </ClInclude>
    <ClInclude Include="glm\gtx\std_based_type.hpp">
      <Filter>GLM\GTX</Filter>
    </ClInclude>
    <ClInclude Include="glm\gtx\string_cast.hpp">
      <Filter>GLM\GTX</Filter>
    </ClInclude>
    <ClInclude Include="glm\gtx\transform.hpp">
      <Filter>GLM\GTX</Filter>
    </ClInclude>
    <ClInclude Include="glm\gtx\transform2.hpp">
      <Filter>GLM\GTX</Filter>
    </ClInclude>
    <ClInclude Include="glm\gtx\type_aligned.hpp">
      <Filter>GLM\GTX</Filter>
    </ClInclude>
    <ClInclude Include="glm\gtx\vector_angle.hpp">
      <Filter>GLM\GTX</Filter>
    </ClInclude>
    <ClInclude Include="glm\gtx\vector_query.hpp">
      <Filter>GLM\GTX</Filter>
    </ClInclude>
    <ClInclude Include="glm\gtx\wrap.hpp">
      <Filter>GLM\GTX</Filter>
    </ClInclude>
    <ClInclude Include="glm\gtc\bitfield.hpp">
      <Filter>GLM\GTC</Filter>
    </ClInclude>
    <ClInclude Include="glm\gtc\constants.hpp">
      <Filter>GLM\GTC</Filter>
    </ClInclude>
    <ClInclude Include="glm\gtc\epsilon.hpp">
      <Filter>GLM\GTC</Filter>
    </ClInclude>
    <ClInclude Include="glm\gtc\integer.hpp">
      <Filter>GLM\GTC</Filter>
    </ClInclude>
    <ClInclude Include="glm\gtc\matrix_access.hpp">
      <Filter>GLM\GTC</Filter>
    </ClInclude>
    <ClInclude Include="glm\gtc\matrix_integer.hpp">
      <Filter>GLM\GTC</Filter>
    </ClInclude>
    <ClInclude Include="glm\gtc\matrix_inverse.hpp">
      <Filter>GLM\GTC</Filter>
    </ClInclude>
    <ClInclude Include="glm\gtc\matrix_transform.hpp">
      <Filter>GLM\GTC</Filter>
    </ClInclude>
    <ClInclude Include="glm\gtc\noise.hpp">
      <Filter>GLM\GTC</Filter>
    </ClInclude>
    <ClInclude Include="glm\gtc\packing.hpp">
      <Filter>GLM\GTC</Filter>
    </ClInclude>
    <ClInclude Include="glm\gtc\quaternion.hpp">
      <Filter>GLM\GTC</Filter>
    </ClInclude>
    <ClInclude Include="glm\gtc\random.hpp">
      <Filter>GLM\GTC</Filter>
    </ClInclude>
    <ClInclude Include="glm\gtc\reciprocal.hpp">
      <Filter>GLM\GTC</Filter>
    </ClInclude>
    <ClInclude Include="glm\gtc\round.hpp">
      <Filter>GLM\GTC</Filter>
    </ClInclude>
    <ClInclude Include="glm\gtc\type_precision.hpp">
      <Filter>GLM\GTC</Filter>
    </ClInclude>
    <ClInclude Include="glm\gtc\type_ptr.hpp">
      <Filter>GLM\GTC</Filter>
    </ClInclude>
    <ClInclude Include="glm\gtc\ulp.hpp">
      <Filter>GLM\GTC</Filter>
    </ClInclude>
    <ClInclude Include="glm\gtc\vec1.hpp">
      <Filter>GLM\GTC</Filter>
    </ClInclude>
    <ClInclude Include="camera.h">
      <Filter>Header Files</Filter>
    </ClInclude>
    <ClInclude Include="glm\detail\_features.hpp">
      <Filter>GLM\DETAIL</Filter>
    </ClInclude>
    <ClInclude Include="glm\detail\_fixes.hpp">
      <Filter>GLM\DETAIL</Filter>
    </ClInclude>
    <ClInclude Include="glm\detail\_noise.hpp">
      <Filter>GLM\DETAIL</Filter>
    </ClInclude>
    <ClInclude Include="glm\detail\_swizzle.hpp">
      <Filter>GLM\DETAIL</Filter>
    </ClInclude>
    <ClInclude Include="glm\detail\_swizzle_func.hpp">
      <Filter>GLM\DETAIL</Filter>
    </ClInclude>
    <ClInclude Include="glm\detail\_vectorize.hpp">
      <Filter>GLM\DETAIL</Filter>
    </ClInclude>
    <ClInclude Include="glm\detail\func_common.hpp">
      <Filter>GLM\DETAIL</Filter>
    </ClInclude>
    <ClInclude Include="glm\detail\func_exponential.hpp">
      <Filter>GLM\DETAIL</Filter>
    </ClInclude>
    <ClInclude Include="glm\detail\func_geometric.hpp">
      <Filter>GLM\DETAIL</Filter>
    </ClInclude>
    <ClInclude Include="glm\detail\func_integer.hpp">
      <Filter>GLM\DETAIL</Filter>
    </ClInclude>
    <ClInclude Include="glm\detail\func_matrix.hpp">
      <Filter>GLM\DETAIL</Filter>
    </ClInclude>
    <ClInclude Include="glm\detail\func_noise.hpp">
      <Filter>GLM\DETAIL</Filter>
    </ClInclude>
    <ClInclude Include="glm\detail\func_packing.hpp">
      <Filter>GLM\DETAIL</Filter>
    </ClInclude>
    <ClInclude Include="glm\detail\func_trigonometric.hpp">
      <Filter>GLM\DETAIL</Filter>
    </ClInclude>
    <ClInclude Include="glm\detail\func_vector_relational.hpp">
      <Filter>GLM\DETAIL</Filter>
    </ClInclude>
    <ClInclude Include="glm\detail\intrinsic_common.hpp">
      <Filter>GLM\DETAIL</Filter>
    </ClInclude>
    <ClInclude Include="glm\detail\intrinsic_exponential.hpp">
      <Filter>GLM\DETAIL</Filter>
    </ClInclude>
    <ClInclude Include="glm\detail\intrinsic_geometric.hpp">
      <Filter>GLM\DETAIL</Filter>
    </ClInclude>
    <ClInclude Include="glm\detail\intrinsic_integer.hpp">
      <Filter>GLM\DETAIL</Filter>
    </ClInclude>
    <ClInclude Include="glm\detail\intrinsic_matrix.hpp">
      <Filter>GLM\DETAIL</Filter>
    </ClInclude>
    <ClInclude Include="glm\detail\intrinsic_trigonometric.hpp">
      <Filter>GLM\DETAIL</Filter>
    </ClInclude>
    <ClInclude Include="glm\detail\intrinsic_vector_relational.hpp">
      <Filter>GLM\DETAIL</Filter>
    </ClInclude>
    <ClInclude Include="glm\detail\precision.hpp">
      <Filter>GLM\DETAIL</Filter>
    </ClInclude>
    <ClInclude Include="glm\detail\setup.hpp">
      <Filter>GLM\DETAIL</Filter>
    </ClInclude>
    <ClInclude Include="glm\detail\type_float.hpp">
      <Filter>GLM\DETAIL</Filter>
    </ClInclude>
    <ClInclude Include="glm\detail\type_gentype.hpp">
      <Filter>GLM\DETAIL</Filter>
    </ClInclude>
    <ClInclude Include="glm\detail\type_half.hpp">
      <Filter>GLM\DETAIL</Filter>
    </ClInclude>
    <ClInclude Include="glm\detail\type_int.hpp">
      <Filter>GLM\DETAIL</Filter>
    </ClInclude>
    <ClInclude Include="glm\detail\type_mat.hpp">
      <Filter>GLM\DETAIL</Filter>
    </ClInclude>
    <ClInclude Include="glm\detail\type_mat2x2.hpp">
      <Filter>GLM\DETAIL</Filter>
    </ClInclude>
    <ClInclude Include="glm\detail\type_mat2x3.hpp">
      <Filter>GLM\DETAIL</Filter>
    </ClInclude>
    <ClInclude Include="glm\detail\type_mat2x4.hpp">
      <Filter>GLM\DETAIL</Filter>
    </ClInclude>
    <ClInclude Include="glm\detail\type_mat3x2.hpp">
      <Filter>GLM\DETAIL</Filter>
    </ClInclude>
    <ClInclude Include="glm\detail\type_mat3x3.hpp">
      <Filter>GLM\DETAIL</Filter>
    </ClInclude>
    <ClInclude Include="glm\detail\type_mat3x4.hpp">
      <Filter>GLM\DETAIL</Filter>
    </ClInclude>
    <ClInclude Include="glm\detail\type_mat4x2.hpp">
      <Filter>GLM\DETAIL</Filter>
    </ClInclude>
    <ClInclude Include="glm\detail\type_mat4x3.hpp">
      <Filter>GLM\DETAIL</Filter>
    </ClInclude>
    <ClInclude Include="glm\detail\type_mat4x4.hpp">
      <Filter>GLM\DETAIL</Filter>
    </ClInclude>
    <ClInclude Include="glm\detail\type_vec.hpp">
      <Filter>GLM\DETAIL</Filter>
    </ClInclude>
    <ClInclude Include="glm\detail\type_vec1.hpp">
      <Filter>GLM\DETAIL</Filter>
    </ClInclude>
    <ClInclude Include="glm\detail\type_vec2.hpp">
      <Filter>GLM\DETAIL</Filter>
    </ClInclude>
    <ClInclude Include="glm\detail\type_vec3.hpp">
      <Filter>GLM\DETAIL</Filter>
    </ClInclude>
    <ClInclude Include="glm\detail\type_vec4.hpp">
      <Filter>GLM\DETAIL</Filter>
    </ClInclude>
  </ItemGroup>
  <ItemGroup>
    <ClCompile Include="OpenGL\OGLWindow.cpp">
      <Filter>Source Files\OpenGL</Filter>
    </ClCompile>
    <ClCompile Include="OpenGL\OGLCube.cpp">
      <Filter>Source Files\OpenGL</Filter>
    </ClCompile>
    <ClCompile Include="OpenGL\OGLShader.cpp">
      <Filter>Source Files\OpenGL</Filter>
    </ClCompile>
    <ClCompile Include="OpenGL\OGLTexture.cpp">
      <Filter>Source Files\OpenGL</Filter>
    </ClCompile>
    <ClCompile Include="BaseApplication.cpp">
      <Filter>Source Files</Filter>
    </ClCompile>
    <ClCompile Include="GFXiiFramework.cpp">
      <Filter>Source Files</Filter>
    </ClCompile>
    <ClCompile Include="ImageIO.cpp">
      <Filter>Source Files</Filter>
    </ClCompile>
    <ClCompile Include="Triangle.cpp">
      <Filter>Source Files</Filter>
    </ClCompile>
    <ClCompile Include="Vector3.cpp">
      <Filter>Source Files</Filter>
    </ClCompile>
    <ClCompile Include="OBJFileReader.cpp">
      <Filter>Source Files</Filter>
    </ClCompile>
    <ClCompile Include="OpenGL\OGLMesh.cpp">
      <Filter>Source Files\OpenGL</Filter>
    </ClCompile>
    <ClCompile Include="camera.cpp">
      <Filter>Source Files</Filter>
    </ClCompile>
  </ItemGroup>
  <ItemGroup>
    <Image Include="GFXiiFramework.ico">
      <Filter>Resource Files</Filter>
    </Image>
    <Image Include="small.ico">
      <Filter>Resource Files</Filter>
    </Image>
  </ItemGroup>
  <ItemGroup>
    <ResourceCompile Include="GFXiiFramework.rc">
      <Filter>Resource Files</Filter>
    </ResourceCompile>
  </ItemGroup>
  <ItemGroup>
    <None Include="..\asset\shader\glsl\basic.frag">
      <Filter>Asset\Shaders\GLSL</Filter>
    </None>
    <None Include="..\asset\shader\glsl\basic.vert">
      <Filter>Asset\Shaders\GLSL</Filter>
    </None>
    <None Include="GLEW\glew32.dll">
      <Filter>GLEW</Filter>
    </None>
    <None Include="glm\gtx\associated_min_max.inl">
      <Filter>GLM\GTX</Filter>
    </None>
    <None Include="glm\gtx\bit.inl">
      <Filter>GLM\GTX</Filter>
    </None>
    <None Include="glm\gtx\closest_point.inl">
      <Filter>GLM\GTX</Filter>
    </None>
    <None Include="glm\gtx\color_space.inl">
      <Filter>GLM\GTX</Filter>
    </None>
    <None Include="glm\gtx\color_space_YCoCg.inl">
      <Filter>GLM\GTX</Filter>
    </None>
    <None Include="glm\gtx\common.inl">
      <Filter>GLM\GTX</Filter>
    </None>
    <None Include="glm\gtx\compatibility.inl">
      <Filter>GLM\GTX</Filter>
    </None>
    <None Include="glm\gtx\component_wise.inl">
      <Filter>GLM\GTX</Filter>
    </None>
    <None Include="glm\gtx\dual_quaternion.inl">
      <Filter>GLM\GTX</Filter>
    </None>
    <None Include="glm\gtx\euler_angles.inl">
      <Filter>GLM\GTX</Filter>
    </None>
    <None Include="glm\gtx\extend.inl">
      <Filter>GLM\GTX</Filter>
    </None>
    <None Include="glm\gtx\extented_min_max.inl">
      <Filter>GLM\GTX</Filter>
    </None>
    <None Include="glm\gtx\fast_exponential.inl">
      <Filter>GLM\GTX</Filter>
    </None>
    <None Include="glm\gtx\fast_square_root.inl">
      <Filter>GLM\GTX</Filter>
    </None>
    <None Include="glm\gtx\fast_trigonometry.inl">
      <Filter>GLM\GTX</Filter>
    </None>
    <None Include="glm\gtx\gradient_paint.inl">
      <Filter>GLM\GTX</Filter>
    </None>
    <None Include="glm\gtx\handed_coordinate_space.inl">
      <Filter>GLM\GTX</Filter>
    </None>
    <None Include="glm\gtx\integer.inl">
      <Filter>GLM\GTX</Filter>
    </None>
    <None Include="glm\gtx\intersect.inl">
      <Filter>GLM\GTX</Filter>
    </None>
    <None Include="glm\gtx\io.inl">
      <Filter>GLM\GTX</Filter>
    </None>
    <None Include="glm\gtx\log_base.inl">
      <Filter>GLM\GTX</Filter>
    </None>
    <None Include="glm\gtx\matrix_cross_product.inl">
      <Filter>GLM\GTX</Filter>
    </None>
    <None Include="glm\gtx\matrix_decompose.inl">
      <Filter>GLM\GTX</Filter>
    </None>
    <None Include="glm\gtx\matrix_interpolation.inl">
      <Filter>GLM\GTX</Filter>
    </None>
    <None Include="glm\gtx\matrix_major_storage.inl">
      <Filter>GLM\GTX</Filter>
    </None>
    <None Include="glm\gtx\matrix_operation.inl">
      <Filter>GLM\GTX</Filter>
    </None>
    <None Include="glm\gtx\matrix_query.inl">
      <Filter>GLM\GTX</Filter>
    </None>
    <None Include="glm\gtx\matrix_transform_2d.inl">
      <Filter>GLM\GTX</Filter>
    </None>
    <None Include="glm\gtx\mixed_product.inl">
      <Filter>GLM\GTX</Filter>
    </None>
    <None Include="glm\gtx\multiple.inl">
      <Filter>GLM\GTX</Filter>
    </None>
    <None Include="glm\gtx\norm.inl">
      <Filter>GLM\GTX</Filter>
    </None>
    <None Include="glm\gtx\normal.inl">
      <Filter>GLM\GTX</Filter>
    </None>
    <None Include="glm\gtx\normalize_dot.inl">
      <Filter>GLM\GTX</Filter>
    </None>
    <None Include="glm\gtx\number_precision.inl">
      <Filter>GLM\GTX</Filter>
    </None>
    <None Include="glm\gtx\optimum_pow.inl">
      <Filter>GLM\GTX</Filter>
    </None>
    <None Include="glm\gtx\orthonormalize.inl">
      <Filter>GLM\GTX</Filter>
    </None>
    <None Include="glm\gtx\perpendicular.inl">
      <Filter>GLM\GTX</Filter>
    </None>
    <None Include="glm\gtx\polar_coordinates.inl">
      <Filter>GLM\GTX</Filter>
    </None>
    <None Include="glm\gtx\projection.inl">
      <Filter>GLM\GTX</Filter>
    </None>
    <None Include="glm\gtx\quaternion.inl">
      <Filter>GLM\GTX</Filter>
    </None>
    <None Include="glm\gtx\raw_data.inl">
      <Filter>GLM\GTX</Filter>
    </None>
    <None Include="glm\gtx\rotate_normalized_axis.inl">
      <Filter>GLM\GTX</Filter>
    </None>
    <None Include="glm\gtx\rotate_vector.inl">
      <Filter>GLM\GTX</Filter>
    </None>
    <None Include="glm\gtx\scalar_relational.inl">
      <Filter>GLM\GTX</Filter>
    </None>
    <None Include="glm\gtx\simd_mat4.inl">
      <Filter>GLM\GTX</Filter>
    </None>
    <None Include="glm\gtx\simd_quat.inl">
      <Filter>GLM\GTX</Filter>
    </None>
    <None Include="glm\gtx\simd_vec4.inl">
      <Filter>GLM\GTX</Filter>
    </None>
    <None Include="glm\gtx\spline.inl">
      <Filter>GLM\GTX</Filter>
    </None>
    <None Include="glm\gtx\std_based_type.inl">
      <Filter>GLM\GTX</Filter>
    </None>
    <None Include="glm\gtx\string_cast.inl">
      <Filter>GLM\GTX</Filter>
    </None>
    <None Include="glm\gtx\transform.inl">
      <Filter>GLM\GTX</Filter>
    </None>
    <None Include="glm\gtx\transform2.inl">
      <Filter>GLM\GTX</Filter>
    </None>
    <None Include="glm\gtx\type_aligned.inl">
      <Filter>GLM\GTX</Filter>
    </None>
    <None Include="glm\gtx\vector_angle.inl">
      <Filter>GLM\GTX</Filter>
    </None>
    <None Include="glm\gtx\vector_query.inl">
      <Filter>GLM\GTX</Filter>
    </None>
    <None Include="glm\gtx\wrap.inl">
      <Filter>GLM\GTX</Filter>
    </None>
    <None Include="glm\gtc\bitfield.inl">
      <Filter>GLM\GTC</Filter>
    </None>
    <None Include="glm\gtc\constants.inl">
      <Filter>GLM\GTC</Filter>
    </None>
    <None Include="glm\gtc\epsilon.inl">
      <Filter>GLM\GTC</Filter>
    </None>
    <None Include="glm\gtc\integer.inl">
      <Filter>GLM\GTC</Filter>
    </None>
    <None Include="glm\gtc\matrix_access.inl">
      <Filter>GLM\GTC</Filter>
    </None>
    <None Include="glm\gtc\matrix_inverse.inl">
      <Filter>GLM\GTC</Filter>
    </None>
    <None Include="glm\gtc\matrix_transform.inl">
      <Filter>GLM\GTC</Filter>
    </None>
    <None Include="glm\gtc\noise.inl">
      <Filter>GLM\GTC</Filter>
    </None>
    <None Include="glm\gtc\packing.inl">
      <Filter>GLM\GTC</Filter>
    </None>
    <None Include="glm\gtc\quaternion.inl">
      <Filter>GLM\GTC</Filter>
    </None>
    <None Include="glm\gtc\random.inl">
      <Filter>GLM\GTC</Filter>
    </None>
    <None Include="glm\gtc\reciprocal.inl">
      <Filter>GLM\GTC</Filter>
    </None>
    <None Include="glm\gtc\round.inl">
      <Filter>GLM\GTC</Filter>
    </None>
    <None Include="glm\gtc\type_precision.inl">
      <Filter>GLM\GTC</Filter>
    </None>
    <None Include="glm\gtc\type_ptr.inl">
      <Filter>GLM\GTC</Filter>
    </None>
    <None Include="glm\gtc\ulp.inl">
      <Filter>GLM\GTC</Filter>
    </None>
    <None Include="glm\gtc\vec1.inl">
      <Filter>GLM\GTC</Filter>
    </None>
    <None Include="glm\detail\func_common.inl">
      <Filter>GLM\DETAIL</Filter>
    </None>
    <None Include="glm\detail\func_exponential.inl">
      <Filter>GLM\DETAIL</Filter>
    </None>
    <None Include="glm\detail\func_geometric.inl">
      <Filter>GLM\DETAIL</Filter>
    </None>
    <None Include="glm\detail\func_integer.inl">
      <Filter>GLM\DETAIL</Filter>
    </None>
    <None Include="glm\detail\func_matrix.inl">
      <Filter>GLM\DETAIL</Filter>
    </None>
    <None Include="glm\detail\func_noise.inl">
      <Filter>GLM\DETAIL</Filter>
    </None>
    <None Include="glm\detail\func_packing.inl">
      <Filter>GLM\DETAIL</Filter>
    </None>
    <None Include="glm\detail\func_trigonometric.inl">
      <Filter>GLM\DETAIL</Filter>
    </None>
    <None Include="glm\detail\func_vector_relational.inl">
      <Filter>GLM\DETAIL</Filter>
    </None>
    <None Include="glm\detail\intrinsic_common.inl">
      <Filter>GLM\DETAIL</Filter>
    </None>
    <None Include="glm\detail\intrinsic_exponential.inl">
      <Filter>GLM\DETAIL</Filter>
    </None>
    <None Include="glm\detail\intrinsic_geometric.inl">
      <Filter>GLM\DETAIL</Filter>
    </None>
    <None Include="glm\detail\intrinsic_integer.inl">
      <Filter>GLM\DETAIL</Filter>
    </None>
    <None Include="glm\detail\intrinsic_matrix.inl">
      <Filter>GLM\DETAIL</Filter>
    </None>
    <None Include="glm\detail\intrinsic_trigonometric.inl">
      <Filter>GLM\DETAIL</Filter>
    </None>
    <None Include="glm\detail\intrinsic_vector_relational.inl">
      <Filter>GLM\DETAIL</Filter>
    </None>
    <None Include="glm\detail\type_gentype.inl">
      <Filter>GLM\DETAIL</Filter>
    </None>
    <None Include="glm\detail\type_half.inl">
      <Filter>GLM\DETAIL</Filter>
    </None>
    <None Include="glm\detail\type_mat.inl">
      <Filter>GLM\DETAIL</Filter>
    </None>
    <None Include="glm\detail\type_mat2x2.inl">
      <Filter>GLM\DETAIL</Filter>
    </None>
    <None Include="glm\detail\type_mat2x3.inl">
      <Filter>GLM\DETAIL</Filter>
    </None>
    <None Include="glm\detail\type_mat2x4.inl">
      <Filter>GLM\DETAIL</Filter>
    </None>
    <None Include="glm\detail\type_mat3x2.inl">
      <Filter>GLM\DETAIL</Filter>
    </None>
    <None Include="glm\detail\type_mat3x3.inl">
      <Filter>GLM\DETAIL</Filter>
    </None>
    <None Include="glm\detail\type_mat3x4.inl">
      <Filter>GLM\DETAIL</Filter>
    </None>
    <None Include="glm\detail\type_mat4x2.inl">
      <Filter>GLM\DETAIL</Filter>
    </None>
    <None Include="glm\detail\type_mat4x3.inl">
      <Filter>GLM\DETAIL</Filter>
    </None>
    <None Include="glm\detail\type_mat4x4.inl">
      <Filter>GLM\DETAIL</Filter>
    </None>
    <None Include="glm\detail\type_vec.inl">
      <Filter>GLM\DETAIL</Filter>
    </None>
    <None Include="glm\detail\type_vec1.inl">
      <Filter>GLM\DETAIL</Filter>
    </None>
    <None Include="glm\detail\type_vec2.inl">
      <Filter>GLM\DETAIL</Filter>
    </None>
    <None Include="glm\detail\type_vec3.inl">
      <Filter>GLM\DETAIL</Filter>
    </None>
    <None Include="glm\detail\type_vec4.inl">
      <Filter>GLM\DETAIL</Filter>
    </None>
    <None Include="glm\detail\type_vec4_avx.inl">
      <Filter>GLM\DETAIL</Filter>
    </None>
    <None Include="glm\detail\type_vec4_avx2.inl">
      <Filter>GLM\DETAIL</Filter>
    </None>
    <None Include="glm\detail\type_vec4_sse2.inl">
      <Filter>GLM\DETAIL</Filter>
    </None>
  </ItemGroup>
  <ItemGroup>
    <Library Include="GLEW\lib\glew32.lib">
      <Filter>GLEW</Filter>
    </Library>
  </ItemGroup>
</Project>